{
  "name": "crypto-arbitrage-br",
  "version": "0.0.1",
  "lockfileVersion": 1,
  "requires": true,
  "dependencies": {
    "ccxt": {
      "version": "1.6.22",
      "resolved": "https://registry.npmjs.org/ccxt/-/ccxt-1.6.22.tgz",
      "integrity": "sha512-Gkp3MVnZ2mwbrf1kdOnlCMkl2tGIi9v2mg2i1x8GiVJL+UfWiDuVAK+Xkx4JTUVkOePCctYqDVvzwuXWnugohw==",
      "requires": {
        "crypto-js": "3.1.9-1",
        "node-fetch": "2.0.0-alpha.8",
        "qs": "6.5.0"
      }
    },
    "crypto-js": {
      "version": "3.1.9-1",
      "resolved": "https://registry.npmjs.org/crypto-js/-/crypto-js-3.1.9-1.tgz",
      "integrity": "sha1-/aGedh/Ad+Af+/3G6f38WeiAbNg="
    },
    "lodash": {
      "version": "4.17.4",
      "resolved": "https://registry.npmjs.org/lodash/-/lodash-4.17.4.tgz",
      "integrity": "sha1-eCA6TRwyiuHYbcpkYONptX9AVa4="
    },
    "node-fetch": {
      "version": "2.0.0-alpha.8",
      "resolved": "https://registry.npmjs.org/node-fetch/-/node-fetch-2.0.0-alpha.8.tgz",
      "integrity": "sha512-cDokdqn6TD7LNpMqxgPsI1Iqu23sD4ihqbGELFn4YmMvJSiyJcAws2sm0qKo5hIPXwvc7vR2BDPK09UyyLSivw=="
    },
    "qs": {
      "version": "6.5.0",
      "resolved": "https://registry.npmjs.org/qs/-/qs-6.5.0.tgz",
      "integrity": "sha512-fjVFjW9yhqMhVGwRExCXLhJKrLlkYSaxNWdyc9rmHlrVZbk35YHH312dFd7191uQeXkI3mKLZTIbSvIeFwFemg=="
    }
  }
}
